
Microsoft Visual Studio Solution File, Format Version 12.00
# Visual Studio Version 17
VisualStudioVersion = 17.5.33530.505
MinimumVisualStudioVersion = 10.0.40219.1
Project("{FAE04EC0-301F-11D3-BF4B-00C04F79EFBC}") = "WebWMS", "WebWMS\WebWMS.csproj", "{1B8B66BE-2DA2-41BF-B71B-1182BE033506}"
EndProject
Project("{FAE04EC0-301F-11D3-BF4B-00C04F79EFBC}") = "WebWMS.Core", "WebWMS.Core\WebWMS.Core.csproj", "{BA7CAC2D-CA0A-455A-B354-C03CF3E03373}"
EndProject
Project("{FAE04EC0-301F-11D3-BF4B-00C04F79EFBC}") = "CommonLibraries", "CommonLibraries\CommonLibraries.csproj", "{A7D60248-1EF4-43C4-99D5-114CFDFB259A}"
EndProject
Global
	GlobalSection(SolutionConfigurationPlatforms) = preSolution
		Debug|Any CPU = Debug|Any CPU
		Release|Any CPU = Release|Any CPU
	EndGlobalSection
	GlobalSection(ProjectConfigurationPlatforms) = postSolution
		{1B8B66BE-2DA2-41BF-B71B-1182BE033506}.Debug|Any CPU.ActiveCfg = Debug|Any CPU
		{1B8B66BE-2DA2-41BF-B71B-1182BE033506}.Debug|Any CPU.Build.0 = Debug|Any CPU
		{1B8B66BE-2DA2-41BF-B71B-1182BE033506}.Release|Any CPU.ActiveCfg = Release|Any CPU
		{1B8B66BE-2DA2-41BF-B71B-1182BE033506}.Release|Any CPU.Build.0 = Release|Any CPU
		{BA7CAC2D-CA0A-455A-B354-C03CF3E03373}.Debug|Any CPU.ActiveCfg = Debug|Any CPU
		{BA7CAC2D-CA0A-455A-B354-C03CF3E03373}.Debug|Any CPU.Build.0 = Debug|Any CPU
		{BA7CAC2D-CA0A-455A-B354-C03CF3E03373}.Release|Any CPU.ActiveCfg = Release|Any CPU
		{BA7CAC2D-CA0A-455A-B354-C03CF3E03373}.Release|Any CPU.Build.0 = Release|Any CPU
		{A7D60248-1EF4-43C4-99D5-114CFDFB259A}.Debug|Any CPU.ActiveCfg = Debug|Any CPU
		{A7D60248-1EF4-43C4-99D5-114CFDFB259A}.Debug|Any CPU.Build.0 = Debug|Any CPU
		{A7D60248-1EF4-43C4-99D5-114CFDFB259A}.Release|Any CPU.ActiveCfg = Release|Any CPU
		{A7D60248-1EF4-43C4-99D5-114CFDFB259A}.Release|Any CPU.Build.0 = Release|Any CPU
	EndGlobalSection
	GlobalSection(SolutionProperties) = preSolution
		HideSolutionNode = FALSE
	EndGlobalSection
	GlobalSection(ExtensibilityGlobals) = postSolution
		SolutionGuid = {60610CCD-6BBD-4E87-A8E9-8F724D16E23B}
	EndGlobalSection
EndGlobal
